{
    "_readme": [
        "This file locks the dependencies of your project to a known state",
        "Read more about it at https://getcomposer.org/doc/01-basic-usage.md#installing-dependencies",
        "This file is @generated automatically"
    ],
    "content-hash": "cef90baa11d61c104e723a2a720301a8",
    "packages": [
        {
            "name": "melquespaiva/openboleto",
            "version": "dev-master",
            "source": {
                "type": "git",
                "url": "https://github.com/MelquesPaiva/openboleto.git",
                "reference": "a581469bd61ae6ede333bbe5f471da4b9bd5a5bc"
            },
            "dist": {
                "type": "zip",
                "url": "https://api.github.com/repos/MelquesPaiva/openboleto/zipball/a581469bd61ae6ede333bbe5f471da4b9bd5a5bc",
                "reference": "a581469bd61ae6ede333bbe5f471da4b9bd5a5bc",
                "shasum": ""
            },
            "require": {
                "php": ">=7.0"
            },
            "type": "library",
            "autoload": {
                "psr-4": {
                    "Source\\": "src/",
                    "Tests\\": "tests/"
                }
            },
            "license": [
                "MIT"
            ],
            "authors": [
                {
                    "name": "José Frederico",
                    "email": "contato@livetechtecnologia.com.br"
                },
                {
                    "name": "Daniel Garajau",
                    "email": "daniel@garajau.com.br"
                },
                {
                    "name": "Rogerio Muniz",
                    "email": "rogerio@quilhasoft.com.br"
                }
            ],
            "description": "Biblioteca para geração de boletos bancários.",
            "homepage": "http://github.com/MelquesPaiva/openboleto",
            "keywords": [
                "boleto",
                "boleto bancario"
            ],
            "support": {
                "source": "https://github.com/MelquesPaiva/openboleto/tree/master"
            },
            "time": "2020-10-30T15:09:16+00:00"
        },
        {
            "name": "quilhasoft/jasperphp",
            "version": "dev-master",
            "source": {
                "type": "git",
                "url": "https://github.com/QuilhaSoft/JasperPHP.git",
                "reference": "a59a64f085b874eb44abe2f36f555e3a52330619"
            },
            "dist": {
                "type": "zip",
                "url": "https://api.github.com/repos/QuilhaSoft/JasperPHP/zipball/a59a64f085b874eb44abe2f36f555e3a52330619",
                "reference": "a59a64f085b874eb44abe2f36f555e3a52330619",
                "shasum": ""
            },
            "require": {
                "php": ">=5.3.0",
                "tecnickcom/tcpdf": "6.3.*"
            },
            "type": "library",
            "autoload": {
                "psr-4": {
                    "JasperPHP\\": [
                        "src"
                    ]
                }
            },
            "notification-url": "https://packagist.org/downloads/",
            "license": [
                "MIT"
            ],
            "authors": [
                {
                    "name": "Rogerio Muniz de Castro",
                    "email": "rogerio@quilhasoft.net"
                }
            ],
            "description": "Pure PHP library to read JRXML files made with 'JasperSoft Studio' and generate reports in PDF",
            "keywords": [
                "jaspersoft",
                "jrxml",
                "pdf",
                "report"
            ],
            "time": "2020-09-02T15:04:28+00:00"
        },
        {
            "name": "tecnickcom/tcpdf",
            "version": "6.3.5",
            "source": {
                "type": "git",
                "url": "https://github.com/tecnickcom/TCPDF.git",
                "reference": "19a535eaa7fb1c1cac499109deeb1a7a201b4549"
            },
            "dist": {
                "type": "zip",
                "url": "https://api.github.com/repos/tecnickcom/TCPDF/zipball/19a535eaa7fb1c1cac499109deeb1a7a201b4549",
                "reference": "19a535eaa7fb1c1cac499109deeb1a7a201b4549",
                "shasum": ""
            },
            "require": {
                "php": ">=5.3.0"
            },
            "type": "library",
            "autoload": {
                "classmap": [
                    "config",
                    "include",
                    "tcpdf.php",
                    "tcpdf_parser.php",
                    "tcpdf_import.php",
                    "tcpdf_barcodes_1d.php",
                    "tcpdf_barcodes_2d.php",
                    "include/tcpdf_colors.php",
                    "include/tcpdf_filters.php",
                    "include/tcpdf_font_data.php",
                    "include/tcpdf_fonts.php",
                    "include/tcpdf_images.php",
                    "include/tcpdf_static.php",
                    "include/barcodes/datamatrix.php",
                    "include/barcodes/pdf417.php",
                    "include/barcodes/qrcode.php"
                ]
            },
            "notification-url": "https://packagist.org/downloads/",
            "license": [
                "LGPL-3.0-only"
            ],
            "authors": [
                {
                    "name": "Nicola Asuni",
                    "email": "info@tecnick.com",
                    "role": "lead"
                }
            ],
            "description": "TCPDF is a PHP class for generating PDF documents and barcodes.",
            "homepage": "http://www.tcpdf.org/",
            "keywords": [
                "PDFD32000-2008",
                "TCPDF",
                "barcodes",
                "datamatrix",
                "pdf",
                "pdf417",
                "qrcode"
            ],
            "time": "2020-02-14T14:20:12+00:00"
        }
    ],
    "packages-dev": [],
    "aliases": [],
    "minimum-stability": "stable",
    "stability-flags": {
        "melquespaiva/openboleto": 20,
        "quilhasoft/jasperphp": 20
    },
    "prefer-stable": false,
    "prefer-lowest": false,
    "platform": {
        "php": ">=5.3.0"
    },
    "platform-dev": [],
    "plugin-api-version": "1.1.0"
}
